
Microsoft Visual Studio Solution File, Format Version 11.00
# Visual Studio 2010
Project("{8BC9CEB8-8B4A-11D0-8D11-00A0C91BC942}") = "MsgBoxAWatcher_Ring0", "MsgBoxAWatcher_Ring0\MsgBoxAWatcher_Ring0.vcxproj", "{B331BB0B-8206-4721-90FB-F0F91884B7F9}"
EndProject
Project("{8BC9CEB8-8B4A-11D0-8D11-00A0C91BC942}") = "MsgBoxAWatcher_Ring3", "MsgBoxAWatcher_Ring3\MsgBoxAWatcher_Ring3.vcxproj", "{C05ABE96-D12C-4306-854C-4B6408EA0A78}"
EndProject
Global
	GlobalSection(SolutionConfigurationPlatforms) = preSolution
		Debug|Win32 = Debug|Win32
		Release|Win32 = Release|Win32
	EndGlobalSection
	GlobalSection(ProjectConfigurationPlatforms) = postSolution
		{B331BB0B-8206-4721-90FB-F0F91884B7F9}.Debug|Win32.ActiveCfg = Debug|Win32
		{B331BB0B-8206-4721-90FB-F0F91884B7F9}.Debug|Win32.Build.0 = Debug|Win32
		{B331BB0B-8206-4721-90FB-F0F91884B7F9}.Release|Win32.ActiveCfg = Release|Win32
		{B331BB0B-8206-4721-90FB-F0F91884B7F9}.Release|Win32.Build.0 = Release|Win32
		{C05ABE96-D12C-4306-854C-4B6408EA0A78}.Debug|Win32.ActiveCfg = Debug|Win32
		{C05ABE96-D12C-4306-854C-4B6408EA0A78}.Debug|Win32.Build.0 = Debug|Win32
		{C05ABE96-D12C-4306-854C-4B6408EA0A78}.Release|Win32.ActiveCfg = Release|Win32
		{C05ABE96-D12C-4306-854C-4B6408EA0A78}.Release|Win32.Build.0 = Release|Win32
	EndGlobalSection
	GlobalSection(SolutionProperties) = preSolution
		HideSolutionNode = FALSE
	EndGlobalSection
EndGlobal
